Microsoft Visual Studio Solution File, Format Version 12.00
# Visual Studio Version 17
VisualStudioVersion = 17.5.2.0
MinimumVisualStudioVersion = 10.0.40219.1
Project("{FAE04EC0-301F-11D3-BF4B-00C04F79EFBC}") = "Funko_shop", "Funko_shop.csproj", "{BBB23675-D008-7637-AF54-3B019AED4AD5}"
EndProject
Global
	GlobalSection(SolutionConfigurationPlatforms) = preSolution
		Debug|Any CPU = Debug|Any CPU
		Release|Any CPU = Release|Any CPU
	EndGlobalSection
	GlobalSection(ProjectConfigurationPlatforms) = postSolution
		{BBB23675-D008-7637-AF54-3B019AED4AD5}.Debug|Any CPU.ActiveCfg = Debug|Any CPU
		{BBB23675-D008-7637-AF54-3B019AED4AD5}.Debug|Any CPU.Build.0 = Debug|Any CPU
		{BBB23675-D008-7637-AF54-3B019AED4AD5}.Release|Any CPU.ActiveCfg = Release|Any CPU
		{BBB23675-D008-7637-AF54-3B019AED4AD5}.Release|Any CPU.Build.0 = Release|Any CPU
	EndGlobalSection
	GlobalSection(SolutionProperties) = preSolution
		HideSolutionNode = FALSE
	EndGlobalSection
	GlobalSection(ExtensibilityGlobals) = postSolution
		SolutionGuid = {074ED8B5-4F84-4197-9560-176FC1880209}
	EndGlobalSection
EndGlobal
